PODS:
  - Alamofire (4.0.1)
  - AlamofireObjectMapper (4.0.0):
    - Alamofire (~> 4.0)
    - ObjectMapper (~> 2.0)
  - ObjectMapper (2.2.1)
  - SVProgressHUD (2.1.2)

DEPENDENCIES:
  - AlamofireObjectMapper (~> 4.0)
  - SVProgressHUD (from `https://github.com/SVProgressHUD/SVProgressHUD.git`)

EXTERNAL SOURCES:
  SVProgressHUD:
    :git: https://github.com/SVProgressHUD/SVProgressHUD.git

CHECKOUT OPTIONS:
  SVProgressHUD:
    :commit: 803bc1e473e2861f75abf06174d9c937de7a0fe0
    :git: https://github.com/SVProgressHUD/SVProgressHUD.git

SPEC CHECKSUMS:
  Alamofire: 7682d43245de14874acd142ec137b144aa1dd335
  AlamofireObjectMapper: 9faa3ce5a240efda1b209009a2d6e1e949227abc
  ObjectMapper: 41e43e1a89f8060ef5ea5d04ba852e269a621d68
  SVProgressHUD: d65371a8e4482380deddb9fe60e14e59ddb30eb3

PODFILE CHECKSUM: a16a66a52eaa462c7e98758934e04f2c2bbcdc92

COCOAPODS: 1.1.1
